Microsoft Visual Studio Solution File, Format Version 12.00
# Visual Studio Version 16
VisualStudioVersion = 16.0.31829.152
MinimumVisualStudioVersion = 10.0.40219.1
Project("{9A19103F-16F7-4668-BE54-9A1E7A4F7556}") = "Movies.API", "Services\Movie\Movie.API\Movies.API.csproj", "{E115CDB7-B6CE-4F1A-A38C-364DB29B912E}"
EndProject
Project("{2150E333-8FDC-42A3-9474-1A3956D46DE8}") = "Discount", "Discount", "{5A1ABAA5-883B-40A2-8D83-1D24DBFB4CC8}"
EndProject
Project("{9A19103F-16F7-4668-BE54-9A1E7A4F7556}") = "Discount.GRPC", "Services\Discount\Discount.GRPC\Discount.GRPC.csproj", "{88BD4A2A-CFDA-454D-8A29-48732DA19BBA}"
EndProject
Project("{9A19103F-16F7-4668-BE54-9A1E7A4F7556}") = "Discount.Common", "Services\Discount\Discount.Common\Discount.Common.csproj", "{B997E2D5-6770-4C23-97FE-CF773CB9A8F6}"
EndProject
Project("{9A19103F-16F7-4668-BE54-9A1E7A4F7556}") = "Discount.API", "Services\Discount\Discount.API\Discount.API.csproj", "{14001B97-AB7B-4C98-BE2F-2C4EE77C44E3}"
EndProject
Project("{E53339B2-1760-4266-BCC7-CA923CBCF16C}") = "docker-compose", "docker-compose.dcproj", "{F66E6F65-9EAD-499D-8247-2620CC8105C3}"
EndProject
Project("{2150E333-8FDC-42A3-9474-1A3956D46DE8}") = "Solution Items", "Solution Items", "{0BC7E8D0-D3A6-49CC-BCEC-01417D9C850F}"
EndProject
Project("{FAE04EC0-301F-11D3-BF4B-00C04F79EFBC}") = "Reservations.API", "Services\Reservations\Reservations.API\Reservations.API.csproj", "{6BCA55C1-6A63-4A18-921E-A3E1099FC326}"
EndProject
Project("{2150E333-8FDC-42A3-9474-1A3956D46DE8}") = "Movie", "Movie", "{25A3373D-7B7A-4C36-A90A-481780FFC938}"
EndProject
Project("{2150E333-8FDC-42A3-9474-1A3956D46DE8}") = "Reservation", "Reservation", "{1F2DAD39-8446-4E6B-A796-A4938D76613D}"
EndProject
Project("{2150E333-8FDC-42A3-9474-1A3956D46DE8}") = "Projection", "Projection", "{A48FE42E-5894-4C6F-998B-0B4954506B9F}"
EndProject
Project("{FAE04EC0-301F-11D3-BF4B-00C04F79EFBC}") = "Projections.Common", "Services\Projection\Projections.Common\Projections.Common.csproj", "{65E9AE25-3B8E-4248-A1ED-34413F91F35A}"
EndProject
Project("{2150E333-8FDC-42A3-9474-1A3956D46DE8}") = "TheaterHall", "TheaterHall", "{C0B2B1B3-E044-48F8-9B29-991ED8A8BE68}"
EndProject
Project("{FAE04EC0-301F-11D3-BF4B-00C04F79EFBC}") = "TheaterHalls.API", "Services\TheaterHall\TheaterHalls.API\TheaterHalls.API.csproj", "{CCF3C871-F9D1-4640-AE28-D057A248CECC}"
EndProject
Project("{FAE04EC0-301F-11D3-BF4B-00C04F79EFBC}") = "Projections.API", "Services\Projection\Projections.API\Projections.API.csproj", "{E32E54DF-E71A-4F5E-BBBC-4E148A4DC5DF}"
EndProject
Project("{FAE04EC0-301F-11D3-BF4B-00C04F79EFBC}") = "Projections.GRPC", "Services\Projection\Projections.GRPC\Projections.GRPC.csproj", "{DE971729-480B-4253-A4F8-A8CE14D5BD32}"
EndProject
Project("{FAE04EC0-301F-11D3-BF4B-00C04F79EFBC}") = "Identity", "Services\Security\Identity\Identity.csproj", "{741B2B72-1514-4870-9187-FE45EA81210A}"
EndProject
Project("{9A19103F-16F7-4668-BE54-9A1E7A4F7556}") = "Movies.API", "Services\Movie\Movie.API\Movies.API.csproj", "{9719DF02-D9DC-4D31-B27A-D59C27164EFE}"
EndProject
Project("{2150E333-8FDC-42A3-9474-1A3956D46DE8}") = "ReservationsAdministration", "ReservationsAdministration", "{E13FF5BF-430A-4F75-9721-0CA8F5D8C403}"
EndProject
Project("{9A19103F-16F7-4668-BE54-9A1E7A4F7556}") = "Administration.Domain", "Services\ReservationsAdministration\Administration.Domain\Administration.Domain.csproj", "{23A63DAD-B3FE-49E4-8F18-1747CFC3AD99}"
EndProject
Project("{9A19103F-16F7-4668-BE54-9A1E7A4F7556}") = "Administration.Application", "Services\ReservationsAdministration\Administration.Application\Administration.Application.csproj", "{AF41950E-6227-49FA-BC07-D9512DA1E722}"
EndProject
Project("{FAE04EC0-301F-11D3-BF4B-00C04F79EFBC}") = "Administration.API", "Services\ReservationsAdministration\Administration.API\Administration.API.csproj", "{017962C5-42C2-4694-B7E5-3BE4F2EC6A42}"
EndProject
Project("{FAE04EC0-301F-11D3-BF4B-00C04F79EFBC}") = "Administration.Infrastructure", "Services\ReservationsAdministration\Administration.Infrastructure\Administration.Infrastructure.csproj", "{C02507FE-34FD-47B0-AD23-E93F32311884}"
EndProject
Project("{2150E333-8FDC-42A3-9474-1A3956D46DE8}") = "Common", "Common", "{51A8C9A3-519E-4E18-8817-BB9EDC0A1E99}"
EndProject
Project("{FAE04EC0-301F-11D3-BF4B-00C04F79EFBC}") = "EventBus.Messages", "Common\EventBus.Messages\EventBus.Messages.csproj", "{259EECA2-1155-450D-933F-B51B718E7CA0}"
EndProject
Global
	GlobalSection(SolutionConfigurationPlatforms) = preSolution
		Debug|Any CPU = Debug|Any CPU
		Release|Any CPU = Release|Any CPU
	EndGlobalSection
	GlobalSection(ProjectConfigurationPlatforms) = postSolution
		{E115CDB7-B6CE-4F1A-A38C-364DB29B912E}.Debug|Any CPU.ActiveCfg = Debug|Any CPU
		{E115CDB7-B6CE-4F1A-A38C-364DB29B912E}.Debug|Any CPU.Build.0 = Debug|Any CPU
		{E115CDB7-B6CE-4F1A-A38C-364DB29B912E}.Release|Any CPU.ActiveCfg = Release|Any CPU
		{E115CDB7-B6CE-4F1A-A38C-364DB29B912E}.Release|Any CPU.Build.0 = Release|Any CPU
		{88BD4A2A-CFDA-454D-8A29-48732DA19BBA}.Debug|Any CPU.ActiveCfg = Debug|Any CPU
		{88BD4A2A-CFDA-454D-8A29-48732DA19BBA}.Debug|Any CPU.Build.0 = Debug|Any CPU
		{88BD4A2A-CFDA-454D-8A29-48732DA19BBA}.Release|Any CPU.ActiveCfg = Release|Any CPU
		{88BD4A2A-CFDA-454D-8A29-48732DA19BBA}.Release|Any CPU.Build.0 = Release|Any CPU
		{B997E2D5-6770-4C23-97FE-CF773CB9A8F6}.Debug|Any CPU.ActiveCfg = Debug|Any CPU
		{B997E2D5-6770-4C23-97FE-CF773CB9A8F6}.Debug|Any CPU.Build.0 = Debug|Any CPU
		{B997E2D5-6770-4C23-97FE-CF773CB9A8F6}.Release|Any CPU.ActiveCfg = Release|Any CPU
		{B997E2D5-6770-4C23-97FE-CF773CB9A8F6}.Release|Any CPU.Build.0 = Release|Any CPU
		{14001B97-AB7B-4C98-BE2F-2C4EE77C44E3}.Debug|Any CPU.ActiveCfg = Debug|Any CPU
		{14001B97-AB7B-4C98-BE2F-2C4EE77C44E3}.Debug|Any CPU.Build.0 = Debug|Any CPU
		{14001B97-AB7B-4C98-BE2F-2C4EE77C44E3}.Release|Any CPU.ActiveCfg = Release|Any CPU
		{14001B97-AB7B-4C98-BE2F-2C4EE77C44E3}.Release|Any CPU.Build.0 = Release|Any CPU
		{F66E6F65-9EAD-499D-8247-2620CC8105C3}.Debug|Any CPU.ActiveCfg = Debug|Any CPU
		{F66E6F65-9EAD-499D-8247-2620CC8105C3}.Debug|Any CPU.Build.0 = Debug|Any CPU
		{F66E6F65-9EAD-499D-8247-2620CC8105C3}.Release|Any CPU.ActiveCfg = Release|Any CPU
		{F66E6F65-9EAD-499D-8247-2620CC8105C3}.Release|Any CPU.Build.0 = Release|Any CPU
		{6BCA55C1-6A63-4A18-921E-A3E1099FC326}.Debug|Any CPU.ActiveCfg = Debug|Any CPU
		{6BCA55C1-6A63-4A18-921E-A3E1099FC326}.Debug|Any CPU.Build.0 = Debug|Any CPU
		{6BCA55C1-6A63-4A18-921E-A3E1099FC326}.Release|Any CPU.ActiveCfg = Release|Any CPU
		{6BCA55C1-6A63-4A18-921E-A3E1099FC326}.Release|Any CPU.Build.0 = Release|Any CPU
		{9719DF02-D9DC-4D31-B27A-D59C27164EFE}.Debug|Any CPU.ActiveCfg = Debug|Any CPU
		{9719DF02-D9DC-4D31-B27A-D59C27164EFE}.Debug|Any CPU.Build.0 = Debug|Any CPU
		{9719DF02-D9DC-4D31-B27A-D59C27164EFE}.Release|Any CPU.ActiveCfg = Release|Any CPU
		{9719DF02-D9DC-4D31-B27A-D59C27164EFE}.Release|Any CPU.Build.0 = Release|Any CPU
		{23A63DAD-B3FE-49E4-8F18-1747CFC3AD99}.Debug|Any CPU.ActiveCfg = Debug|Any CPU
		{23A63DAD-B3FE-49E4-8F18-1747CFC3AD99}.Debug|Any CPU.Build.0 = Debug|Any CPU
		{23A63DAD-B3FE-49E4-8F18-1747CFC3AD99}.Release|Any CPU.ActiveCfg = Release|Any CPU
		{23A63DAD-B3FE-49E4-8F18-1747CFC3AD99}.Release|Any CPU.Build.0 = Release|Any CPU
		{AF41950E-6227-49FA-BC07-D9512DA1E722}.Debug|Any CPU.ActiveCfg = Debug|Any CPU
		{AF41950E-6227-49FA-BC07-D9512DA1E722}.Debug|Any CPU.Build.0 = Debug|Any CPU
		{AF41950E-6227-49FA-BC07-D9512DA1E722}.Release|Any CPU.ActiveCfg = Release|Any CPU
		{AF41950E-6227-49FA-BC07-D9512DA1E722}.Release|Any CPU.Build.0 = Release|Any CPU
		{017962C5-42C2-4694-B7E5-3BE4F2EC6A42}.Debug|Any CPU.ActiveCfg = Debug|Any CPU
		{017962C5-42C2-4694-B7E5-3BE4F2EC6A42}.Debug|Any CPU.Build.0 = Debug|Any CPU
		{017962C5-42C2-4694-B7E5-3BE4F2EC6A42}.Release|Any CPU.ActiveCfg = Release|Any CPU
		{017962C5-42C2-4694-B7E5-3BE4F2EC6A42}.Release|Any CPU.Build.0 = Release|Any CPU
		{C02507FE-34FD-47B0-AD23-E93F32311884}.Debug|Any CPU.ActiveCfg = Debug|Any CPU
		{C02507FE-34FD-47B0-AD23-E93F32311884}.Debug|Any CPU.Build.0 = Debug|Any CPU
		{C02507FE-34FD-47B0-AD23-E93F32311884}.Release|Any CPU.ActiveCfg = Release|Any CPU
		{C02507FE-34FD-47B0-AD23-E93F32311884}.Release|Any CPU.Build.0 = Release|Any CPU
		{65E9AE25-3B8E-4248-A1ED-34413F91F35A}.Debug|Any CPU.ActiveCfg = Debug|Any CPU
		{65E9AE25-3B8E-4248-A1ED-34413F91F35A}.Debug|Any CPU.Build.0 = Debug|Any CPU
		{65E9AE25-3B8E-4248-A1ED-34413F91F35A}.Release|Any CPU.ActiveCfg = Release|Any CPU
		{65E9AE25-3B8E-4248-A1ED-34413F91F35A}.Release|Any CPU.Build.0 = Release|Any CPU
		{CCF3C871-F9D1-4640-AE28-D057A248CECC}.Debug|Any CPU.ActiveCfg = Debug|Any CPU
		{CCF3C871-F9D1-4640-AE28-D057A248CECC}.Debug|Any CPU.Build.0 = Debug|Any CPU
		{CCF3C871-F9D1-4640-AE28-D057A248CECC}.Release|Any CPU.ActiveCfg = Release|Any CPU
		{CCF3C871-F9D1-4640-AE28-D057A248CECC}.Release|Any CPU.Build.0 = Release|Any CPU
		{E32E54DF-E71A-4F5E-BBBC-4E148A4DC5DF}.Debug|Any CPU.ActiveCfg = Debug|Any CPU
		{E32E54DF-E71A-4F5E-BBBC-4E148A4DC5DF}.Debug|Any CPU.Build.0 = Debug|Any CPU
		{E32E54DF-E71A-4F5E-BBBC-4E148A4DC5DF}.Release|Any CPU.ActiveCfg = Release|Any CPU
		{E32E54DF-E71A-4F5E-BBBC-4E148A4DC5DF}.Release|Any CPU.Build.0 = Release|Any CPU
		{DE971729-480B-4253-A4F8-A8CE14D5BD32}.Debug|Any CPU.ActiveCfg = Debug|Any CPU
		{DE971729-480B-4253-A4F8-A8CE14D5BD32}.Debug|Any CPU.Build.0 = Debug|Any CPU
		{DE971729-480B-4253-A4F8-A8CE14D5BD32}.Release|Any CPU.ActiveCfg = Release|Any CPU
		{DE971729-480B-4253-A4F8-A8CE14D5BD32}.Release|Any CPU.Build.0 = Release|Any CPU
		{741B2B72-1514-4870-9187-FE45EA81210A}.Debug|Any CPU.ActiveCfg = Debug|Any CPU
		{741B2B72-1514-4870-9187-FE45EA81210A}.Debug|Any CPU.Build.0 = Debug|Any CPU
		{741B2B72-1514-4870-9187-FE45EA81210A}.Release|Any CPU.ActiveCfg = Release|Any CPU
		{741B2B72-1514-4870-9187-FE45EA81210A}.Release|Any CPU.Build.0 = Release|Any CPU
		{259EECA2-1155-450D-933F-B51B718E7CA0}.Debug|Any CPU.ActiveCfg = Debug|Any CPU
		{259EECA2-1155-450D-933F-B51B718E7CA0}.Debug|Any CPU.Build.0 = Debug|Any CPU
		{259EECA2-1155-450D-933F-B51B718E7CA0}.Release|Any CPU.ActiveCfg = Release|Any CPU
		{259EECA2-1155-450D-933F-B51B718E7CA0}.Release|Any CPU.Build.0 = Release|Any CPU
	EndGlobalSection
	GlobalSection(SolutionProperties) = preSolution
		HideSolutionNode = FALSE
	EndGlobalSection
	GlobalSection(NestedProjects) = preSolution
		{88BD4A2A-CFDA-454D-8A29-48732DA19BBA} = {5A1ABAA5-883B-40A2-8D83-1D24DBFB4CC8}
		{B997E2D5-6770-4C23-97FE-CF773CB9A8F6} = {5A1ABAA5-883B-40A2-8D83-1D24DBFB4CC8}
		{14001B97-AB7B-4C98-BE2F-2C4EE77C44E3} = {5A1ABAA5-883B-40A2-8D83-1D24DBFB4CC8}
		{23A63DAD-B3FE-49E4-8F18-1747CFC3AD99} = {E13FF5BF-430A-4F75-9721-0CA8F5D8C403}
		{AF41950E-6227-49FA-BC07-D9512DA1E722} = {E13FF5BF-430A-4F75-9721-0CA8F5D8C403}
		{017962C5-42C2-4694-B7E5-3BE4F2EC6A42} = {E13FF5BF-430A-4F75-9721-0CA8F5D8C403}
		{C02507FE-34FD-47B0-AD23-E93F32311884} = {E13FF5BF-430A-4F75-9721-0CA8F5D8C403}
		{E115CDB7-B6CE-4F1A-A38C-364DB29B912E} = {25A3373D-7B7A-4C36-A90A-481780FFC938}
		{6BCA55C1-6A63-4A18-921E-A3E1099FC326} = {1F2DAD39-8446-4E6B-A796-A4938D76613D}
		{65E9AE25-3B8E-4248-A1ED-34413F91F35A} = {A48FE42E-5894-4C6F-998B-0B4954506B9F}
		{CCF3C871-F9D1-4640-AE28-D057A248CECC} = {C0B2B1B3-E044-48F8-9B29-991ED8A8BE68}
		{E32E54DF-E71A-4F5E-BBBC-4E148A4DC5DF} = {A48FE42E-5894-4C6F-998B-0B4954506B9F}
		{DE971729-480B-4253-A4F8-A8CE14D5BD32} = {A48FE42E-5894-4C6F-998B-0B4954506B9F}
		{259EECA2-1155-450D-933F-B51B718E7CA0} = {51A8C9A3-519E-4E18-8817-BB9EDC0A1E99}
	EndGlobalSection
	GlobalSection(ExtensibilityGlobals) = postSolution
		SolutionGuid = {7F7FB7C9-6C0C-41F7-9DB5-CF71A9F019CF}
	EndGlobalSection
EndGlobal
